// !$*UTF8*$!
{
	archiveVersion = 1;
	classes = {
	};
	objectVersion = 46;
	objects = {

/* Begin PBXBuildFile section */
		B43ADAF91CD4DF4900AD5A8B /* main.cpp in Sources */ = {isa = PBXBuildFile; fileRef = B43ADAF81CD4DF4900AD5A8B /* main.cpp */; };
		B43ADB001CD4DF5E00AD5A8B /* libpcap.tbd in Frameworks */ = {isa = PBXBuildFile; fileRef = B43ADAFF1CD4DF5E00AD5A8B /* libpcap.tbd */; };
/* End PBXBuildFile section */

/* Begin PBXCopyFilesBuildPhase section */
		B43ADAF31CD4DF4900AD5A8B /* CopyFiles */ = {
			isa = PBXCopyFilesBuildPhase;
			buildActionMask = 2147483647;
			dstPath = /usr/share/man/man1/;
			dstSubfolderSpec = 0;
			files = (
			);
			runOnlyForDeploymentPostprocessing = 1;
		};
/* End PBXCopyFilesBuildPhase section */

/* Begin PBXFileReference section */
		B43ADAF51CD4DF4900AD5A8B /* watchdog */ = {isa = PBXFileReference; explicitFileType = "compiled.mach-o.executable"; includeInIndex = 0; path = watchdog; sourceTree = BUILT_PRODUCTS_DIR; };
		B43ADAF81CD4DF4900AD5A8B /* main.cpp */ = {isa = PBXFileReference; lastKnownFileType = sourcecode.cpp.cpp; path = main.cpp; sourceTree = "<group>"; };
		B43ADAFF1CD4DF5E00AD5A8B /* libpcap.tbd */ = {isa = PBXFileReference; lastKnownFileType = "sourcecode.text-based-dylib-definition"; name = libpcap.tbd; path = usr/lib/libpcap.tbd; sourceTree = SDKROOT; };
/* End PBXFileReference section */

/* Begin PBXFrameworksBuildPhase section */
		B43ADAF21CD4DF4900AD5A8B /* Frameworks */ = {
			isa = PBXFrameworksBuildPhase;
			buildActionMask = 2147483647;
			files = (
				B43ADB001CD4DF5E00AD5A8B /* libpcap.tbd in Frameworks */,
			);
			runOnlyForDeploymentPostprocessing = 0;
		};
/* End PBXFrameworksBuildPhase section */

/* Begin PBXGroup section */
		B43ADAEC1CD4DF4900AD5A8B = {
			isa = PBXGroup;
			children = (
				B43ADAFF1CD4DF5E00AD5A8B /* libpcap.tbd */,
				B43ADAF71CD4DF4900AD5A8B /* watchdog */,
				B43ADAF61CD4DF4900AD5A8B /* Products */,
			);
			sourceTree = "<group>";
		};
		B43ADAF61CD4DF4900AD5A8B /* Products */ = {
			isa = PBXGroup;
			children = (
				B43ADAF51CD4DF4900AD5A8B /* watchdog */,
			);
			name = Products;
			sourceTree = "<group>";
		};
		B43ADAF71CD4DF4900AD5A8B /* watchdog */ = {
			isa = PBXGroup;
			children = (
				B43ADAF81CD4DF4900AD5A8B /* main.cpp */,
			);
			path = watchdog;
			sourceTree = "<group>";
		};
/* End PBXGroup section */

/* Begin PBXNativeTarget section */
		B43ADAF41CD4DF4900AD5A8B /* watchdog */ = {
			isa = PBXNativeTarget;
			buildConfigurationList = B43ADAFC1CD4DF4900AD5A8B /* Build configuration list for PBXNativeTarget "watchdog" */;
			buildPhases = (
				B43ADAF11CD4DF4900AD5A8B /* Sources */,
				B43ADAF21CD4DF4900AD5A8B /* Frameworks */,
				B43ADAF31CD4DF4900AD5A8B /* CopyFiles */,
			);
			buildRules = (
			);
			dependencies = (
			);
			name = watchdog;
			productName = watchdog;
			productReference = B43ADAF51CD4DF4900AD5A8B /* watchdog */;
			productType = "com.apple.product-type.tool";
		};
/* End PBXNativeTarget section */

/* Begin PBXProject section */
		B43ADAED1CD4DF4900AD5A8B /* Project object */ = {
			isa = PBXProject;
			attributes = {
				LastUpgradeCheck = 0730;
				ORGANIZATIONNAME = "Claudio Landeros";
				TargetAttributes = {
					B43ADAF41CD4DF4900AD5A8B = {
						CreatedOnToolsVersion = 7.3;
					};
				};
			};
			buildConfigurationList = B43ADAF01CD4DF4900AD5A8B /* Build configuration list for PBXProject "watchdog" */;
			compatibilityVersion = "Xcode 3.2";
			developmentRegion = English;
			hasScannedForEncodings = 0;
			knownRegions = (
				en,
			);
			mainGroup = B43ADAEC1CD4DF4900AD5A8B;
			productRefGroup = B43ADAF61CD4DF4900AD5A8B /* Products */;
			projectDirPath = "";
			projectRoot = "";
			targets = (
				B43ADAF41CD4DF4900AD5A8B /* watchdog */,
			);
		};
/* End PBXProject section */

/* Begin PBXSourcesBuildPhase section */
		B43ADAF11CD4DF4900AD5A8B /* Sources */ = {
			isa = PBXSourcesBuildPhase;
			buildActionMask = 2147483647;
			files = (
				B43ADAF91CD4DF4900AD5A8B /* main.cpp in Sources */,
			);
			runOnlyForDeploymentPostprocessing = 0;
		};
/* End PBXSourcesBuildPhase section */

/* Begin XCBuildConfiguration section */
		B43ADAFA1CD4DF4900AD5A8B /* Debug */ = {
			isa = XCBuildConfiguration;
			buildSettings = {
				ALWAYS_SEARCH_USER_PATHS = NO;
				CLANG_ANALYZER_NONNULL = YES;
				CLANG_CXX_LANGUAGE_STANDARD = "gnu++0x";
				CLANG_CXX_LIBRARY = "libc++";
				CLANG_ENABLE_MODULES = YES;
				CLANG_ENABLE_OBJC_ARC = YES;
				CLANG_WARN_BOOL_CONVERSION = YES;
				CLANG_WARN_CONSTANT_CONVERSION = YES;
				CLANG_WARN_DIRECT_OBJC_ISA_USAGE = YES_ERROR;
				CLANG_WARN_EMPTY_BODY = YES;
				CLANG_WARN_ENUM_CONVERSION = YES;
				CLANG_WARN_INT_CONVERSION = YES;
				CLANG_WARN_OBJC_ROOT_CLASS = YES_ERROR;
				CLANG_WARN_UNREACHABLE_CODE = YES;
				CLANG_WARN__DUPLICATE_METHOD_MATCH = YES;
				CODE_SIGN_IDENTITY = "-";
				COPY_PHASE_STRIP = NO;
				DEBUG_INFORMATION_FORMAT = dwarf;
				ENABLE_STRICT_OBJC_MSGSEND = YES;
				ENABLE_TESTABILITY = YES;
				GCC_C_LANGUAGE_STANDARD = gnu99;
				GCC_DYNAMIC_NO_PIC = NO;
				GCC_NO_COMMON_BLOCKS = YES;
				GCC_OPTIMIZATION_LEVEL = 0;
				GCC_PREPROCESSOR_DEFINITIONS = (
					"DEBUG=1",
					"$(inherited)",
				);
				GCC_WARN_64_TO_32_BIT_CONVERSION = YES;
				GCC_WARN_ABOUT_RETURN_TYPE = YES_ERROR;
				GCC_WARN_UNDECLARED_SELECTOR = YES;
				GCC_WARN_UNINITIALIZED_AUTOS = YES_AGGRESSIVE;
				GCC_WARN_UNUSED_FUNCTION = YES;
				GCC_WARN_UNUSED_VARIABLE = YES;
				MACOSX_DEPLOYMENT_TARGET = 10.11;
				MTL_ENABLE_DEBUG_INFO = YES;
				ONLY_ACTIVE_ARCH = YES;
				SDKROOT = macosx;
			};
			name = Debug;
		};
		B43ADAFB1CD4DF4900AD5A8B /* Release */ = {
			isa = XCBuildConfiguration;
			buildSettings = {
				ALWAYS_SEARCH_USER_PATHS = NO;
				CLANG_ANALYZER_NONNULL = YES;
				CLANG_CXX_LANGUAGE_STANDARD = "gnu++0x";
				CLANG_CXX_LIBRARY = "libc++";
				CLANG_ENABLE_MODULES = YES;
				CLANG_ENABLE_OBJC_ARC = YES;
				CLANG_WARN_BOOL_CONVERSION = YES;
				CLANG_WARN_CONSTANT_CONVERSION = YES;
				CLANG_WARN_DIRECT_OBJC_ISA_USAGE = YES_ERROR;
				CLANG_WARN_EMPTY_BODY = YES;
				CLANG_WARN_ENUM_CONVERSION = YES;
				CLANG_WARN_INT_CONVERSION = YES;
				CLANG_WARN_OBJC_ROOT_CLASS = YES_ERROR;
				CLANG_WARN_UNREACHABLE_CODE = YES;
				CLANG_WARN__DUPLICATE_METHOD_MATCH = YES;
				CODE_SIGN_IDENTITY = "-";
				COPY_PHASE_STRIP = NO;
				DEBUG_INFORMATION_FORMAT = "dwarf-with-dsym";
				ENABLE_NS_ASSERTIONS = NO;
				ENABLE_STRICT_OBJC_MSGSEND = YES;
				GCC_C_LANGUAGE_STANDARD = gnu99;
				GCC_NO_COMMON_BLOCKS = YES;
				GCC_WARN_64_TO_32_BIT_CONVERSION = YES;
				GCC_WARN_ABOUT_RETURN_TYPE = YES_ERROR;
				GCC_WARN_UNDECLARED_SELECTOR = YES;
				GCC_WARN_UNINITIALIZED_AUTOS = YES_AGGRESSIVE;
				GCC_WARN_UNUSED_FUNCTION = YES;
				GCC_WARN_UNUSED_VARIABLE = YES;
				MACOSX_DEPLOYMENT_TARGET = 10.11;
				MTL_ENABLE_DEBUG_INFO = NO;
				SDKROOT = macosx;
			};
			name = Release;
		};
		B43ADAFD1CD4DF4900AD5A8B /* Debug */ = {
			isa = XCBuildConfiguration;
			buildSettings = {
				PRODUCT_NAME = "$(TARGET_NAME)";
			};
			name = Debug;
		};
		B43ADAFE1CD4DF4900AD5A8B /* Release */ = {
			isa = XCBuildConfiguration;
			buildSettings = {
				PRODUCT_NAME = "$(TARGET_NAME)";
			};
			name = Release;
		};
/* End XCBuildConfiguration section */

/* Begin XCConfigurationList section */
		B43ADAF01CD4DF4900AD5A8B /* Build configuration list for PBXProject "watchdog" */ = {
			isa = XCConfigurationList;
			buildConfigurations = (
				B43ADAFA1CD4DF4900AD5A8B /* Debug */,
				B43ADAFB1CD4DF4900AD5A8B /* Release */,
			);
			defaultConfigurationIsVisible = 0;
			defaultConfigurationName = Release;
		};
		B43ADAFC1CD4DF4900AD5A8B /* Build configuration list for PBXNativeTarget "watchdog" */ = {
			isa = XCConfigurationList;
			buildConfigurations = (
				B43ADAFD1CD4DF4900AD5A8B /* Debug */,
				B43ADAFE1CD4DF4900AD5A8B /* Release */,
			);
			defaultConfigurationIsVisible = 0;
		};
/* End XCConfigurationList section */
	};
	rootObject = B43ADAED1CD4DF4900AD5A8B /* Project object */;
}
